
Microsoft Visual Studio Solution File, Format Version 12.00
# Visual Studio Version 17
VisualStudioVersion = 17.3.32922.545
MinimumVisualStudioVersion = 10.0.40219.1
Project("{9A19103F-16F7-4668-BE54-9A1E7A4F7556}") = "ResText", "src\ResText\ResText.csproj", "{459848AA-40F2-42A9-9DF9-057F4C41C52D}"
EndProject
Global
	GlobalSection(SolutionConfigurationPlatforms) = preSolution
		Debug|Any CPU = Debug|Any CPU
		Release|Any CPU = Release|Any CPU
	EndGlobalSection
	GlobalSection(ProjectConfigurationPlatforms) = postSolution
		{459848AA-40F2-42A9-9DF9-057F4C41C52D}.Debug|Any CPU.ActiveCfg = Debug|Any CPU
		{459848AA-40F2-42A9-9DF9-057F4C41C52D}.Debug|Any CPU.Build.0 = Debug|Any CPU
		{459848AA-40F2-42A9-9DF9-057F4C41C52D}.Release|Any CPU.ActiveCfg = Release|Any CPU
		{459848AA-40F2-42A9-9DF9-057F4C41C52D}.Release|Any CPU.Build.0 = Release|Any CPU
	EndGlobalSection
	GlobalSection(SolutionProperties) = preSolution
		HideSolutionNode = FALSE
	EndGlobalSection
	GlobalSection(ExtensibilityGlobals) = postSolution
		SolutionGuid = {72218FDE-BCA0-48CD-8501-B18E2B366065}
	EndGlobalSection
EndGlobal
